
Microsoft Visual Studio Solution File, Format Version 12.00
# Visual Studio Version 17
VisualStudioVersion = 17.5.33424.131
MinimumVisualStudioVersion = 10.0.40219.1
Project("{FAE04EC0-301F-11D3-BF4B-00C04F79EFBC}") = "EasyCashIdentityProject.EntityLayer", "EasyCashIdentityProject.EntityLayer\EasyCashIdentityProject.EntityLayer.csproj", "{AABB5289-1204-4218-A3F0-917ACD4C04F1}"
EndProject
Project("{FAE04EC0-301F-11D3-BF4B-00C04F79EFBC}") = "EasyCashIdentityProject.DataAccessLayer", "EasyCashIdentityProject.DataAccessLayer\EasyCashIdentityProject.DataAccessLayer.csproj", "{480A0773-402D-4905-88FA-B258B701264F}"
EndProject
Project("{FAE04EC0-301F-11D3-BF4B-00C04F79EFBC}") = "EasyCashIdentityProject.BusinessLayer", "EasyCashIdentityProject.BusinessLayer\EasyCashIdentityProject.BusinessLayer.csproj", "{AF017759-9480-4468-9604-AB79A2E94CF2}"
EndProject
Project("{FAE04EC0-301F-11D3-BF4B-00C04F79EFBC}") = "EasyCashIdentityProject.DTOLayer", "EasyCashIdentityProject.DTOLayer\EasyCashIdentityProject.DTOLayer.csproj", "{F1B26E73-B04F-43F8-AB4E-B9A3BD8C4CBA}"
EndProject
Project("{FAE04EC0-301F-11D3-BF4B-00C04F79EFBC}") = "EasyCashIdentityProject.PresentationLayer", "EasyCashIdentityProject.PresentationLayer\EasyCashIdentityProject.PresentationLayer.csproj", "{0B5FC7D7-C9AB-4FEF-B30A-6182F862297B}"
EndProject
Global
	GlobalSection(SolutionConfigurationPlatforms) = preSolution
		Debug|Any CPU = Debug|Any CPU
		Release|Any CPU = Release|Any CPU
	EndGlobalSection
	GlobalSection(ProjectConfigurationPlatforms) = postSolution
		{AABB5289-1204-4218-A3F0-917ACD4C04F1}.Debug|Any CPU.ActiveCfg = Debug|Any CPU
		{AABB5289-1204-4218-A3F0-917ACD4C04F1}.Debug|Any CPU.Build.0 = Debug|Any CPU
		{AABB5289-1204-4218-A3F0-917ACD4C04F1}.Release|Any CPU.ActiveCfg = Release|Any CPU
		{AABB5289-1204-4218-A3F0-917ACD4C04F1}.Release|Any CPU.Build.0 = Release|Any CPU
		{480A0773-402D-4905-88FA-B258B701264F}.Debug|Any CPU.ActiveCfg = Debug|Any CPU
		{480A0773-402D-4905-88FA-B258B701264F}.Debug|Any CPU.Build.0 = Debug|Any CPU
		{480A0773-402D-4905-88FA-B258B701264F}.Release|Any CPU.ActiveCfg = Release|Any CPU
		{480A0773-402D-4905-88FA-B258B701264F}.Release|Any CPU.Build.0 = Release|Any CPU
		{AF017759-9480-4468-9604-AB79A2E94CF2}.Debug|Any CPU.ActiveCfg = Debug|Any CPU
		{AF017759-9480-4468-9604-AB79A2E94CF2}.Debug|Any CPU.Build.0 = Debug|Any CPU
		{AF017759-9480-4468-9604-AB79A2E94CF2}.Release|Any CPU.ActiveCfg = Release|Any CPU
		{AF017759-9480-4468-9604-AB79A2E94CF2}.Release|Any CPU.Build.0 = Release|Any CPU
		{F1B26E73-B04F-43F8-AB4E-B9A3BD8C4CBA}.Debug|Any CPU.ActiveCfg = Debug|Any CPU
		{F1B26E73-B04F-43F8-AB4E-B9A3BD8C4CBA}.Debug|Any CPU.Build.0 = Debug|Any CPU
		{F1B26E73-B04F-43F8-AB4E-B9A3BD8C4CBA}.Release|Any CPU.ActiveCfg = Release|Any CPU
		{F1B26E73-B04F-43F8-AB4E-B9A3BD8C4CBA}.Release|Any CPU.Build.0 = Release|Any CPU
		{0B5FC7D7-C9AB-4FEF-B30A-6182F862297B}.Debug|Any CPU.ActiveCfg = Debug|Any CPU
		{0B5FC7D7-C9AB-4FEF-B30A-6182F862297B}.Debug|Any CPU.Build.0 = Debug|Any CPU
		{0B5FC7D7-C9AB-4FEF-B30A-6182F862297B}.Release|Any CPU.ActiveCfg = Release|Any CPU
		{0B5FC7D7-C9AB-4FEF-B30A-6182F862297B}.Release|Any CPU.Build.0 = Release|Any CPU
	EndGlobalSection
	GlobalSection(SolutionProperties) = preSolution
		HideSolutionNode = FALSE
	EndGlobalSection
	GlobalSection(ExtensibilityGlobals) = postSolution
		SolutionGuid = {1708904D-3DFC-4A82-B7E2-6F7A5811BBB0}
	EndGlobalSection
EndGlobal
